
Microsoft Visual Studio Solution File, Format Version 12.00
# Visual Studio Version 16
VisualStudioVersion = 16.0.29123.89
MinimumVisualStudioVersion = 10.0.40219.1
Project("{9A19103F-16F7-4668-BE54-9A1E7A4F7556}") = "BlazorClient", "BlazorClient\BlazorClient.csproj", "{652E71F1-2DD7-44F4-A7B7-CE07FE5B09F7}"
EndProject
Project("{9A19103F-16F7-4668-BE54-9A1E7A4F7556}") = "WijmoBlazor", "WijmoBlazor\WijmoBlazor.csproj", "{C5C1894A-3B58-479F-B565-941A5B0DC9D0}"
EndProject
Global
	GlobalSection(SolutionConfigurationPlatforms) = preSolution
		Debug|Any CPU = Debug|Any CPU
		Release|Any CPU = Release|Any CPU
	EndGlobalSection
	GlobalSection(ProjectConfigurationPlatforms) = postSolution
		{652E71F1-2DD7-44F4-A7B7-CE07FE5B09F7}.Debug|Any CPU.ActiveCfg = Debug|Any CPU
		{652E71F1-2DD7-44F4-A7B7-CE07FE5B09F7}.Debug|Any CPU.Build.0 = Debug|Any CPU
		{652E71F1-2DD7-44F4-A7B7-CE07FE5B09F7}.Release|Any CPU.ActiveCfg = Release|Any CPU
		{652E71F1-2DD7-44F4-A7B7-CE07FE5B09F7}.Release|Any CPU.Build.0 = Release|Any CPU
		{C5C1894A-3B58-479F-B565-941A5B0DC9D0}.Debug|Any CPU.ActiveCfg = Debug|Any CPU
		{C5C1894A-3B58-479F-B565-941A5B0DC9D0}.Debug|Any CPU.Build.0 = Debug|Any CPU
		{C5C1894A-3B58-479F-B565-941A5B0DC9D0}.Release|Any CPU.ActiveCfg = Release|Any CPU
		{C5C1894A-3B58-479F-B565-941A5B0DC9D0}.Release|Any CPU.Build.0 = Release|Any CPU
	EndGlobalSection
	GlobalSection(SolutionProperties) = preSolution
		HideSolutionNode = FALSE
	EndGlobalSection
	GlobalSection(ExtensibilityGlobals) = postSolution
		SolutionGuid = {F4BC6F28-BB35-4637-863A-E392E13CA203}
	EndGlobalSection
EndGlobal
